# This file is generated by running "yarn install" inside your project.
# Manual changes might be lost - proceed with caution!

__metadata:
  version: 6
  cacheKey: 8

"@socket.io/component-emitter@npm:~3.1.0":
  version: 3.1.0
  resolution: "@socket.io/component-emitter@npm:3.1.0"
  checksum: db069d95425b419de1514dffe945cc439795f6a8ef5b9465715acf5b8b50798e2c91b8719cbf5434b3fe7de179d6cdcd503c277b7871cb3dd03febb69bdd50fa
  languageName: node
  linkType: hard

"Writeup@workspace:.":
  version: 0.0.0-use.local
  resolution: "Writeup@workspace:."
  dependencies:
    socket.io-client: ^4.6.0
  languageName: unknown
  linkType: soft

"debug@npm:~4.3.1, debug@npm:~4.3.2":
  version: 4.3.4
  resolution: "debug@npm:4.3.4"
  dependencies:
    ms: 2.1.2
  peerDependenciesMeta:
    supports-color:
      optional: true
  checksum: 3dbad3f94ea64f34431a9cbf0bafb61853eda57bff2880036153438f50fb5a84f27683ba0d8e5426bf41a8c6ff03879488120cf5b3a761e77953169c0600a708
  languageName: node
  linkType: hard

"engine.io-client@npm:~6.4.0":
  version: 6.4.0
  resolution: "engine.io-client@npm:6.4.0"
  dependencies:
    "@socket.io/component-emitter": ~3.1.0
    debug: ~4.3.1
    engine.io-parser: ~5.0.3
    ws: ~8.11.0
    xmlhttprequest-ssl: ~2.0.0
  checksum: f412a5d490d073bc6b1240002ea9d46c4813bfb7ad98edd54db3760d75cac1d7f73c2f802a7ce04827c1e304fa26f4d464785efdb003d6231cadedca649a7146
  languageName: node
  linkType: hard

"engine.io-parser@npm:~5.0.3":
  version: 5.0.6
  resolution: "engine.io-parser@npm:5.0.6"
  checksum: e92255b5463593cafe6cdc90577f107b39056c9c9337a8ee3477cb274337da1fe4ff53e9b3ad59d0478878e1d55ab15e973e2a91d0334d25ea99d8d6f8032f26
  languageName: node
  linkType: hard

"ms@npm:2.1.2":
  version: 2.1.2
  resolution: "ms@npm:2.1.2"
  checksum: 673cdb2c3133eb050c745908d8ce632ed2c02d85640e2edb3ace856a2266a813b30c613569bf3354fdf4ea7d1a1494add3bfa95e2713baa27d0c2c71fc44f58f
  languageName: node
  linkType: hard

"socket.io-client@npm:^4.6.0":
  version: 4.6.0
  resolution: "socket.io-client@npm:4.6.0"
  dependencies:
    "@socket.io/component-emitter": ~3.1.0
    debug: ~4.3.2
    engine.io-client: ~6.4.0
    socket.io-parser: ~4.2.1
  checksum: c0443a0e59e0d3f1953f8a3b1fdb7e4408edee8449f26e657d5e4df13c15a9c18df00c657e5641f5699f922a76b74a61f4b6f087b9ced0be72ae6e4dd34631e1
  languageName: node
  linkType: hard

"socket.io-parser@npm:~4.2.1":
  version: 4.2.2
  resolution: "socket.io-parser@npm:4.2.2"
  dependencies:
    "@socket.io/component-emitter": ~3.1.0
    debug: ~4.3.1
  checksum: ba929645cb252e23d9800f00c77092480d07cc5d6c97a5d11f515ef636870ea5b3ad6f62b7ba6147b4d703efc92588064f5638a0a0841c8530e4ac50c4b1197a
  languageName: node
  linkType: hard

"ws@npm:~8.11.0":
  version: 8.11.0
  resolution: "ws@npm:8.11.0"
  peerDependencies:
    bufferutil: ^4.0.1
    utf-8-validate: ^5.0.2
  peerDependenciesMeta:
    bufferutil:
      optional: true
    utf-8-validate:
      optional: true
  checksum: 316b33aba32f317cd217df66dbfc5b281a2f09ff36815de222bc859e3424d83766d9eb2bd4d667de658b6ab7be151f258318fb1da812416b30be13103e5b5c67
  languageName: node
  linkType: hard

"xmlhttprequest-ssl@npm:~2.0.0":
  version: 2.0.0
  resolution: "xmlhttprequest-ssl@npm:2.0.0"
  checksum: 1e98df67f004fec15754392a131343ea92e6ab5ac4d77e842378c5c4e4fd5b6a9134b169d96842cc19422d77b1606b8df84a5685562b3b698cb68441636f827e
  languageName: node
  linkType: hard
